
Microsoft Visual Studio Solution File, Format Version 12.00
# Visual Studio Version 16
VisualStudioVersion = 16.0.808.5
MinimumVisualStudioVersion = 10.0.40219.1
Project("{FAE04EC0-301F-11D3-BF4B-00C04F79EFBC}") = "ExperimentApp2", "ExperimentApp2\ExperimentApp2.csproj", "{8C0CDF01-3963-4160-AF35-2FBE6D5D85AB}"
EndProject
Project("{2150E333-8FDC-42A3-9474-1A3956D46DE8}") = "Solution Items", "Solution Items", "{8E682E84-925B-4F85-99AD-5E62AB5EAE19}"
EndProject
Global
	GlobalSection(SolutionConfigurationPlatforms) = preSolution
		Debug|Any CPU = Debug|Any CPU
		Release|Any CPU = Release|Any CPU
	EndGlobalSection
	GlobalSection(ProjectConfigurationPlatforms) = postSolution
		{8C0CDF01-3963-4160-AF35-2FBE6D5D85AB}.Debug|Any CPU.ActiveCfg = Debug|Any CPU
		{8C0CDF01-3963-4160-AF35-2FBE6D5D85AB}.Debug|Any CPU.Build.0 = Debug|Any CPU
		{8C0CDF01-3963-4160-AF35-2FBE6D5D85AB}.Release|Any CPU.ActiveCfg = Release|Any CPU
		{8C0CDF01-3963-4160-AF35-2FBE6D5D85AB}.Release|Any CPU.Build.0 = Release|Any CPU
	EndGlobalSection
	GlobalSection(SolutionProperties) = preSolution
		HideSolutionNode = FALSE
	EndGlobalSection
	GlobalSection(ExtensibilityGlobals) = postSolution
		SolutionGuid = {B906338A-1BC7-441A-9DDB-404A6FABC323}
	EndGlobalSection
EndGlobal
